// !$*UTF8*$!
{
	archiveVersion = 1;
	classes = {
	};
	objectVersion = 50;
	objects = {

/* Begin PBXBuildFile section */
		BDB90AA2252350D1006D2D8A /* AppDelegate.swift in Sources */ = {isa = PBXBuildFile; fileRef = BDB90AA1252350D1006D2D8A /* AppDelegate.swift */; };
		BDB90AA4252350D1006D2D8A /* SceneDelegate.swift in Sources */ = {isa = PBXBuildFile; fileRef = BDB90AA3252350D1006D2D8A /* SceneDelegate.swift */; };
		BDB90AAB252350D6006D2D8A /* Assets.xcassets in Resources */ = {isa = PBXBuildFile; fileRef = BDB90AAA252350D6006D2D8A /* Assets.xcassets */; };
		BDB90AAE252350D6006D2D8A /* LaunchScreen.storyboard in Resources */ = {isa = PBXBuildFile; fileRef = BDB90AAC252350D6006D2D8A /* LaunchScreen.storyboard */; };
		BDB90ABB252353C9006D2D8A /* ViperModule.swift in Sources */ = {isa = PBXBuildFile; fileRef = BDB90ABA252353C9006D2D8A /* ViperModule.swift */; };
		BDB90ABD2523558F006D2D8A /* Main.storyboard in Resources */ = {isa = PBXBuildFile; fileRef = BDB90ABC2523558A006D2D8A /* Main.storyboard */; };
		BDB90AC025235650006D2D8A /* FeedsViewController.swift in Sources */ = {isa = PBXBuildFile; fileRef = BDB90ABF25235650006D2D8A /* FeedsViewController.swift */; };
		BDB90AC225235659006D2D8A /* FeedsView.swift in Sources */ = {isa = PBXBuildFile; fileRef = BDB90AC125235659006D2D8A /* FeedsView.swift */; };
		BDB90AC4252356FB006D2D8A /* FeedsPresenter.swift in Sources */ = {isa = PBXBuildFile; fileRef = BDB90AC3252356FB006D2D8A /* FeedsPresenter.swift */; };
		BDB90AC62523571B006D2D8A /* FeedsInteractor.swift in Sources */ = {isa = PBXBuildFile; fileRef = BDB90AC52523571B006D2D8A /* FeedsInteractor.swift */; };
		BDB90AC825235C04006D2D8A /* FeedsResponse.swift in Sources */ = {isa = PBXBuildFile; fileRef = BDB90AC725235C04006D2D8A /* FeedsResponse.swift */; };
		BDB90ACA25235C3B006D2D8A /* FeedsEndpoint.swift in Sources */ = {isa = PBXBuildFile; fileRef = BDB90AC925235C3B006D2D8A /* FeedsEndpoint.swift */; };
		BDB90ACD25236369006D2D8A /* FeedTableViewCell.swift in Sources */ = {isa = PBXBuildFile; fileRef = BDB90ACC25236369006D2D8A /* FeedTableViewCell.swift */; };
		BDB90ACF252365E6006D2D8A /* UIView+AutoLayout.swift in Sources */ = {isa = PBXBuildFile; fileRef = BDB90ACE252365E6006D2D8A /* UIView+AutoLayout.swift */; };
		BDB90AD125236E32006D2D8A /* Feed.swift in Sources */ = {isa = PBXBuildFile; fileRef = BDB90AD025236E32006D2D8A /* Feed.swift */; };
/* End PBXBuildFile section */

/* Begin PBXFileReference section */
		BDB90A9E252350D1006D2D8A /* viperSample.app */ = {isa = PBXFileReference; explicitFileType = wrapper.application; includeInIndex = 0; path = viperSample.app; sourceTree = BUILT_PRODUCTS_DIR; };
		BDB90AA1252350D1006D2D8A /* AppDelegate.swift */ = {isa = PBXFileReference; lastKnownFileType = sourcecode.swift; path = AppDelegate.swift; sourceTree = "<group>"; };
		BDB90AA3252350D1006D2D8A /* SceneDelegate.swift */ = {isa = PBXFileReference; lastKnownFileType = sourcecode.swift; path = SceneDelegate.swift; sourceTree = "<group>"; };
		BDB90AAA252350D6006D2D8A /* Assets.xcassets */ = {isa = PBXFileReference; lastKnownFileType = folder.assetcatalog; path = Assets.xcassets; sourceTree = "<group>"; };
		BDB90AAD252350D6006D2D8A /* Base */ = {isa = PBXFileReference; lastKnownFileType = file.storyboard; name = Base; path = Base.lproj/LaunchScreen.storyboard; sourceTree = "<group>"; };
		BDB90AAF252350D7006D2D8A /* Info.plist */ = {isa = PBXFileReference; lastKnownFileType = text.plist.xml; path = Info.plist; sourceTree = "<group>"; };
		BDB90ABA252353C9006D2D8A /* ViperModule.swift */ = {isa = PBXFileReference; lastKnownFileType = sourcecode.swift; path = ViperModule.swift; sourceTree = "<group>"; };
		BDB90ABC2523558A006D2D8A /* Main.storyboard */ = {isa = PBXFileReference; lastKnownFileType = file.storyboard; path = Main.storyboard; sourceTree = "<group>"; };
		BDB90ABF25235650006D2D8A /* FeedsViewController.swift */ = {isa = PBXFileReference; lastKnownFileType = sourcecode.swift; path = FeedsViewController.swift; sourceTree = "<group>"; };
		BDB90AC125235659006D2D8A /* FeedsView.swift */ = {isa = PBXFileReference; lastKnownFileType = sourcecode.swift; path = FeedsView.swift; sourceTree = "<group>"; };
		BDB90AC3252356FB006D2D8A /* FeedsPresenter.swift */ = {isa = PBXFileReference; lastKnownFileType = sourcecode.swift; path = FeedsPresenter.swift; sourceTree = "<group>"; };
		BDB90AC52523571B006D2D8A /* FeedsInteractor.swift */ = {isa = PBXFileReference; lastKnownFileType = sourcecode.swift; path = FeedsInteractor.swift; sourceTree = "<group>"; };
		BDB90AC725235C04006D2D8A /* FeedsResponse.swift */ = {isa = PBXFileReference; lastKnownFileType = sourcecode.swift; path = FeedsResponse.swift; sourceTree = "<group>"; };
		BDB90AC925235C3B006D2D8A /* FeedsEndpoint.swift */ = {isa = PBXFileReference; lastKnownFileType = sourcecode.swift; path = FeedsEndpoint.swift; sourceTree = "<group>"; };
		BDB90ACC25236369006D2D8A /* FeedTableViewCell.swift */ = {isa = PBXFileReference; lastKnownFileType = sourcecode.swift; path = FeedTableViewCell.swift; sourceTree = "<group>"; };
		BDB90ACE252365E6006D2D8A /* UIView+AutoLayout.swift */ = {isa = PBXFileReference; lastKnownFileType = sourcecode.swift; path = "UIView+AutoLayout.swift"; sourceTree = "<group>"; };
		BDB90AD025236E32006D2D8A /* Feed.swift */ = {isa = PBXFileReference; lastKnownFileType = sourcecode.swift; path = Feed.swift; sourceTree = "<group>"; };
/* End PBXFileReference section */

/* Begin PBXFrameworksBuildPhase section */
		BDB90A9B252350D1006D2D8A /* Frameworks */ = {
			isa = PBXFrameworksBuildPhase;
			buildActionMask = 2147483647;
			files = (
			);
			runOnlyForDeploymentPostprocessing = 0;
		};
/* End PBXFrameworksBuildPhase section */

/* Begin PBXGroup section */
		BDB90A95252350D1006D2D8A = {
			isa = PBXGroup;
			children = (
				BDB90AA0252350D1006D2D8A /* viperSample */,
				BDB90A9F252350D1006D2D8A /* Products */,
			);
			sourceTree = "<group>";
		};
		BDB90A9F252350D1006D2D8A /* Products */ = {
			isa = PBXGroup;
			children = (
				BDB90A9E252350D1006D2D8A /* viperSample.app */,
			);
			name = Products;
			sourceTree = "<group>";
		};
		BDB90AA0252350D1006D2D8A /* viperSample */ = {
			isa = PBXGroup;
			children = (
				BDB90AB5252352CE006D2D8A /* AppAndSceneDelegate */,
				BDB90AB725235302006D2D8A /* Infrastructure */,
				BDB90AB6252352F9006D2D8A /* Modules */,
				BDB90AB825235319006D2D8A /* Resources */,
				BDB90AB92523532F006D2D8A /* Supporting files */,
			);
			path = viperSample;
			sourceTree = "<group>";
		};
		BDB90AB5252352CE006D2D8A /* AppAndSceneDelegate */ = {
			isa = PBXGroup;
			children = (
				BDB90AA1252350D1006D2D8A /* AppDelegate.swift */,
				BDB90AA3252350D1006D2D8A /* SceneDelegate.swift */,
			);
			path = AppAndSceneDelegate;
			sourceTree = "<group>";
		};
		BDB90AB6252352F9006D2D8A /* Modules */ = {
			isa = PBXGroup;
			children = (
				BDB90ABE25235630006D2D8A /* FeedsModule */,
			);
			path = Modules;
			sourceTree = "<group>";
		};
		BDB90AB725235302006D2D8A /* Infrastructure */ = {
			isa = PBXGroup;
			children = (
				BDB90ABA252353C9006D2D8A /* ViperModule.swift */,
				BDB90ACE252365E6006D2D8A /* UIView+AutoLayout.swift */,
			);
			path = Infrastructure;
			sourceTree = "<group>";
		};
		BDB90AB825235319006D2D8A /* Resources */ = {
			isa = PBXGroup;
			children = (
				BDB90AAA252350D6006D2D8A /* Assets.xcassets */,
				BDB90AAC252350D6006D2D8A /* LaunchScreen.storyboard */,
			);
			path = Resources;
			sourceTree = "<group>";
		};
		BDB90AB92523532F006D2D8A /* Supporting files */ = {
			isa = PBXGroup;
			children = (
				BDB90ABC2523558A006D2D8A /* Main.storyboard */,
				BDB90AAF252350D7006D2D8A /* Info.plist */,
			);
			name = "Supporting files";
			sourceTree = "<group>";
		};
		BDB90ABE25235630006D2D8A /* FeedsModule */ = {
			isa = PBXGroup;
			children = (
				BDB90ACB25235C41006D2D8A /* Networking */,
				BDB90ABF25235650006D2D8A /* FeedsViewController.swift */,
				BDB90AC125235659006D2D8A /* FeedsView.swift */,
				BDB90AC3252356FB006D2D8A /* FeedsPresenter.swift */,
				BDB90AC52523571B006D2D8A /* FeedsInteractor.swift */,
				BDB90ACC25236369006D2D8A /* FeedTableViewCell.swift */,
				BDB90AD025236E32006D2D8A /* Feed.swift */,
			);
			path = FeedsModule;
			sourceTree = "<group>";
		};
		BDB90ACB25235C41006D2D8A /* Networking */ = {
			isa = PBXGroup;
			children = (
				BDB90AC725235C04006D2D8A /* FeedsResponse.swift */,
				BDB90AC925235C3B006D2D8A /* FeedsEndpoint.swift */,
			);
			path = Networking;
			sourceTree = "<group>";
		};
/* End PBXGroup section */

/* Begin PBXNativeTarget section */
		BDB90A9D252350D1006D2D8A /* viperSample */ = {
			isa = PBXNativeTarget;
			buildConfigurationList = BDB90AB2252350D7006D2D8A /* Build configuration list for PBXNativeTarget "viperSample" */;
			buildPhases = (
				BDB90A9A252350D1006D2D8A /* Sources */,
				BDB90A9B252350D1006D2D8A /* Frameworks */,
				BDB90A9C252350D1006D2D8A /* Resources */,
			);
			buildRules = (
			);
			dependencies = (
			);
			name = viperSample;
			productName = viperSample;
			productReference = BDB90A9E252350D1006D2D8A /* viperSample.app */;
			productType = "com.apple.product-type.application";
		};
/* End PBXNativeTarget section */

/* Begin PBXProject section */
		BDB90A96252350D1006D2D8A /* Project object */ = {
			isa = PBXProject;
			attributes = {
				LastSwiftUpdateCheck = 1150;
				LastUpgradeCheck = 1150;
				ORGANIZATIONNAME = "Oscar Mariano Cornejo Herrera";
				TargetAttributes = {
					BDB90A9D252350D1006D2D8A = {
						CreatedOnToolsVersion = 11.5;
					};
				};
			};
			buildConfigurationList = BDB90A99252350D1006D2D8A /* Build configuration list for PBXProject "viperSample" */;
			compatibilityVersion = "Xcode 9.3";
			developmentRegion = en;
			hasScannedForEncodings = 0;
			knownRegions = (
				en,
				Base,
			);
			mainGroup = BDB90A95252350D1006D2D8A;
			productRefGroup = BDB90A9F252350D1006D2D8A /* Products */;
			projectDirPath = "";
			projectRoot = "";
			targets = (
				BDB90A9D252350D1006D2D8A /* viperSample */,
			);
		};
/* End PBXProject section */

/* Begin PBXResourcesBuildPhase section */
		BDB90A9C252350D1006D2D8A /* Resources */ = {
			isa = PBXResourcesBuildPhase;
			buildActionMask = 2147483647;
			files = (
				BDB90ABD2523558F006D2D8A /* Main.storyboard in Resources */,
				BDB90AAE252350D6006D2D8A /* LaunchScreen.storyboard in Resources */,
				BDB90AAB252350D6006D2D8A /* Assets.xcassets in Resources */,
			);
			runOnlyForDeploymentPostprocessing = 0;
		};
/* End PBXResourcesBuildPhase section */

/* Begin PBXSourcesBuildPhase section */
		BDB90A9A252350D1006D2D8A /* Sources */ = {
			isa = PBXSourcesBuildPhase;
			buildActionMask = 2147483647;
			files = (
				BDB90AC4252356FB006D2D8A /* FeedsPresenter.swift in Sources */,
				BDB90AD125236E32006D2D8A /* Feed.swift in Sources */,
				BDB90AC62523571B006D2D8A /* FeedsInteractor.swift in Sources */,
				BDB90ABB252353C9006D2D8A /* ViperModule.swift in Sources */,
				BDB90AC025235650006D2D8A /* FeedsViewController.swift in Sources */,
				BDB90AC825235C04006D2D8A /* FeedsResponse.swift in Sources */,
				BDB90AC225235659006D2D8A /* FeedsView.swift in Sources */,
				BDB90AA2252350D1006D2D8A /* AppDelegate.swift in Sources */,
				BDB90AA4252350D1006D2D8A /* SceneDelegate.swift in Sources */,
				BDB90ACA25235C3B006D2D8A /* FeedsEndpoint.swift in Sources */,
				BDB90ACF252365E6006D2D8A /* UIView+AutoLayout.swift in Sources */,
				BDB90ACD25236369006D2D8A /* FeedTableViewCell.swift in Sources */,
			);
			runOnlyForDeploymentPostprocessing = 0;
		};
/* End PBXSourcesBuildPhase section */

/* Begin PBXVariantGroup section */
		BDB90AAC252350D6006D2D8A /* LaunchScreen.storyboard */ = {
			isa = PBXVariantGroup;
			children = (
				BDB90AAD252350D6006D2D8A /* Base */,
			);
			name = LaunchScreen.storyboard;
			sourceTree = "<group>";
		};
/* End PBXVariantGroup section */

/* Begin XCBuildConfiguration section */
		BDB90AB0252350D7006D2D8A /* Debug */ = {
			isa = XCBuildConfiguration;
			buildSettings = {
				ALWAYS_SEARCH_USER_PATHS = NO;
				CLANG_ANALYZER_NONNULL = YES;
				CLANG_ANALYZER_NUMBER_OBJECT_CONVERSION = YES_AGGRESSIVE;
				CLANG_CXX_LANGUAGE_STANDARD = "gnu++14";
				CLANG_CXX_LIBRARY = "libc++";
				CLANG_ENABLE_MODULES = YES;
				CLANG_ENABLE_OBJC_ARC = YES;
				CLANG_ENABLE_OBJC_WEAK = YES;
				CLANG_WARN_BLOCK_CAPTURE_AUTORELEASING = YES;
				CLANG_WARN_BOOL_CONVERSION = YES;
				CLANG_WARN_COMMA = YES;
				CLANG_WARN_CONSTANT_CONVERSION = YES;
				CLANG_WARN_DEPRECATED_OBJC_IMPLEMENTATIONS = YES;
				CLANG_WARN_DIRECT_OBJC_ISA_USAGE = YES_ERROR;
				CLANG_WARN_DOCUMENTATION_COMMENTS = YES;
				CLANG_WARN_EMPTY_BODY = YES;
				CLANG_WARN_ENUM_CONVERSION = YES;
				CLANG_WARN_INFINITE_RECURSION = YES;
				CLANG_WARN_INT_CONVERSION = YES;
				CLANG_WARN_NON_LITERAL_NULL_CONVERSION = YES;
				CLANG_WARN_OBJC_IMPLICIT_RETAIN_SELF = YES;
				CLANG_WARN_OBJC_LITERAL_CONVERSION = YES;
				CLANG_WARN_OBJC_ROOT_CLASS = YES_ERROR;
				CLANG_WARN_RANGE_LOOP_ANALYSIS = YES;
				CLANG_WARN_STRICT_PROTOTYPES = YES;
				CLANG_WARN_SUSPICIOUS_MOVE = YES;
				CLANG_WARN_UNGUARDED_AVAILABILITY = YES_AGGRESSIVE;
				CLANG_WARN_UNREACHABLE_CODE = YES;
				CLANG_WARN__DUPLICATE_METHOD_MATCH = YES;
				COPY_PHASE_STRIP = NO;
				DEBUG_INFORMATION_FORMAT = dwarf;
				ENABLE_STRICT_OBJC_MSGSEND = YES;
				ENABLE_TESTABILITY = YES;
				GCC_C_LANGUAGE_STANDARD = gnu11;
				GCC_DYNAMIC_NO_PIC = NO;
				GCC_NO_COMMON_BLOCKS = YES;
				GCC_OPTIMIZATION_LEVEL = 0;
				GCC_PREPROCESSOR_DEFINITIONS = (
					"DEBUG=1",
					"$(inherited)",
				);
				GCC_WARN_64_TO_32_BIT_CONVERSION = YES;
				GCC_WARN_ABOUT_RETURN_TYPE = YES_ERROR;
				GCC_WARN_UNDECLARED_SELECTOR = YES;
				GCC_WARN_UNINITIALIZED_AUTOS = YES_AGGRESSIVE;
				GCC_WARN_UNUSED_FUNCTION = YES;
				GCC_WARN_UNUSED_VARIABLE = YES;
				IPHONEOS_DEPLOYMENT_TARGET = 13.5;
				MTL_ENABLE_DEBUG_INFO = INCLUDE_SOURCE;
				MTL_FAST_MATH = YES;
				ONLY_ACTIVE_ARCH = YES;
				SDKROOT = iphoneos;
				SWIFT_ACTIVE_COMPILATION_CONDITIONS = DEBUG;
				SWIFT_OPTIMIZATION_LEVEL = "-Onone";
			};
			name = Debug;
		};
		BDB90AB1252350D7006D2D8A /* Release */ = {
			isa = XCBuildConfiguration;
			buildSettings = {
				ALWAYS_SEARCH_USER_PATHS = NO;
				CLANG_ANALYZER_NONNULL = YES;
				CLANG_ANALYZER_NUMBER_OBJECT_CONVERSION = YES_AGGRESSIVE;
				CLANG_CXX_LANGUAGE_STANDARD = "gnu++14";
				CLANG_CXX_LIBRARY = "libc++";
				CLANG_ENABLE_MODULES = YES;
				CLANG_ENABLE_OBJC_ARC = YES;
				CLANG_ENABLE_OBJC_WEAK = YES;
				CLANG_WARN_BLOCK_CAPTURE_AUTORELEASING = YES;
				CLANG_WARN_BOOL_CONVERSION = YES;
				CLANG_WARN_COMMA = YES;
				CLANG_WARN_CONSTANT_CONVERSION = YES;
				CLANG_WARN_DEPRECATED_OBJC_IMPLEMENTATIONS = YES;
				CLANG_WARN_DIRECT_OBJC_ISA_USAGE = YES_ERROR;
				CLANG_WARN_DOCUMENTATION_COMMENTS = YES;
				CLANG_WARN_EMPTY_BODY = YES;
				CLANG_WARN_ENUM_CONVERSION = YES;
				CLANG_WARN_INFINITE_RECURSION = YES;
				CLANG_WARN_INT_CONVERSION = YES;
				CLANG_WARN_NON_LITERAL_NULL_CONVERSION = YES;
				CLANG_WARN_OBJC_IMPLICIT_RETAIN_SELF = YES;
				CLANG_WARN_OBJC_LITERAL_CONVERSION = YES;
				CLANG_WARN_OBJC_ROOT_CLASS = YES_ERROR;
				CLANG_WARN_RANGE_LOOP_ANALYSIS = YES;
				CLANG_WARN_STRICT_PROTOTYPES = YES;
				CLANG_WARN_SUSPICIOUS_MOVE = YES;
				CLANG_WARN_UNGUARDED_AVAILABILITY = YES_AGGRESSIVE;
				CLANG_WARN_UNREACHABLE_CODE = YES;
				CLANG_WARN__DUPLICATE_METHOD_MATCH = YES;
				COPY_PHASE_STRIP = NO;
				DEBUG_INFORMATION_FORMAT = "dwarf-with-dsym";
				ENABLE_NS_ASSERTIONS = NO;
				ENABLE_STRICT_OBJC_MSGSEND = YES;
				GCC_C_LANGUAGE_STANDARD = gnu11;
				GCC_NO_COMMON_BLOCKS = YES;
				GCC_WARN_64_TO_32_BIT_CONVERSION = YES;
				GCC_WARN_ABOUT_RETURN_TYPE = YES_ERROR;
				GCC_WARN_UNDECLARED_SELECTOR = YES;
				GCC_WARN_UNINITIALIZED_AUTOS = YES_AGGRESSIVE;
				GCC_WARN_UNUSED_FUNCTION = YES;
				GCC_WARN_UNUSED_VARIABLE = YES;
				IPHONEOS_DEPLOYMENT_TARGET = 13.5;
				MTL_ENABLE_DEBUG_INFO = NO;
				MTL_FAST_MATH = YES;
				SDKROOT = iphoneos;
				SWIFT_COMPILATION_MODE = wholemodule;
				SWIFT_OPTIMIZATION_LEVEL = "-O";
				VALIDATE_PRODUCT = YES;
			};
			name = Release;
		};
		BDB90AB3252350D7006D2D8A /* Debug */ = {
			isa = XCBuildConfiguration;
			buildSettings = {
				ASSETCATALOG_COMPILER_APPICON_NAME = AppIcon;
				CODE_SIGN_STYLE = Automatic;
				DEVELOPMENT_TEAM = 597KZZAL9E;
				INFOPLIST_FILE = viperSample/Info.plist;
				LD_RUNPATH_SEARCH_PATHS = (
					"$(inherited)",
					"@executable_path/Frameworks",
				);
				PRODUCT_BUNDLE_IDENTIFIER = marianoCornejo.viperSample;
				PRODUCT_NAME = "$(TARGET_NAME)";
				SWIFT_VERSION = 5.0;
				TARGETED_DEVICE_FAMILY = 1;
			};
			name = Debug;
		};
		BDB90AB4252350D7006D2D8A /* Release */ = {
			isa = XCBuildConfiguration;
			buildSettings = {
				ASSETCATALOG_COMPILER_APPICON_NAME = AppIcon;
				CODE_SIGN_STYLE = Automatic;
				DEVELOPMENT_TEAM = 597KZZAL9E;
				INFOPLIST_FILE = viperSample/Info.plist;
				LD_RUNPATH_SEARCH_PATHS = (
					"$(inherited)",
					"@executable_path/Frameworks",
				);
				PRODUCT_BUNDLE_IDENTIFIER = marianoCornejo.viperSample;
				PRODUCT_NAME = "$(TARGET_NAME)";
				SWIFT_VERSION = 5.0;
				TARGETED_DEVICE_FAMILY = 1;
			};
			name = Release;
		};
/* End XCBuildConfiguration section */

/* Begin XCConfigurationList section */
		BDB90A99252350D1006D2D8A /* Build configuration list for PBXProject "viperSample" */ = {
			isa = XCConfigurationList;
			buildConfigurations = (
				BDB90AB0252350D7006D2D8A /* Debug */,
				BDB90AB1252350D7006D2D8A /* Release */,
			);
			defaultConfigurationIsVisible = 0;
			defaultConfigurationName = Release;
		};
		BDB90AB2252350D7006D2D8A /* Build configuration list for PBXNativeTarget "viperSample" */ = {
			isa = XCConfigurationList;
			buildConfigurations = (
				BDB90AB3252350D7006D2D8A /* Debug */,
				BDB90AB4252350D7006D2D8A /* Release */,
			);
			defaultConfigurationIsVisible = 0;
			defaultConfigurationName = Release;
		};
/* End XCConfigurationList section */
	};
	rootObject = BDB90A96252350D1006D2D8A /* Project object */;
}
